// !$*UTF8*$!
{
	archiveVersion = 1;
	classes = {
	};
	objectVersion = 51;
	objects = {

/* Begin PBXBuildFile section */
		041CE3F223109F5B002C8745 /* TamamlaVC.m in Sources */ = {isa = PBXBuildFile; fileRef = 041CE3F123109F5B002C8745 /* TamamlaVC.m */; };
		0423842023102EEE003C7DBF /* ProfilVC.m in Sources */ = {isa = PBXBuildFile; fileRef = 0423841F23102EEE003C7DBF /* ProfilVC.m */; };
		043CED8222FB5689001ECCDC /* RestoranVC.m in Sources */ = {isa = PBXBuildFile; fileRef = 043CED8122FB5689001ECCDC /* RestoranVC.m */; };
		043CED8522FB6C5B001ECCDC /* UserRestorantsVC.m in Sources */ = {isa = PBXBuildFile; fileRef = 043CED8422FB6C5B001ECCDC /* UserRestorantsVC.m */; };
		043CED8822FB6FDE001ECCDC /* RestorantDetailVC.m in Sources */ = {isa = PBXBuildFile; fileRef = 043CED8722FB6FDE001ECCDC /* RestorantDetailVC.m */; };
		0469FDDC22FB3F910065E5C4 /* GoogleService-Info.plist in Resources */ = {isa = PBXBuildFile; fileRef = 0469FDDB22FB3F910065E5C4 /* GoogleService-Info.plist */; };
		049C87D72313EB140059FBB3 /* GeneralTypes.m in Sources */ = {isa = PBXBuildFile; fileRef = 049C87D62313EB140059FBB3 /* GeneralTypes.m */; };
		04A6FF062308508F002004DF /* Cell.m in Sources */ = {isa = PBXBuildFile; fileRef = 04A6FF042308508F002004DF /* Cell.m */; };
		04A6FF072308508F002004DF /* Cell.xib in Resources */ = {isa = PBXBuildFile; fileRef = 04A6FF052308508F002004DF /* Cell.xib */; };
		04B6000522FB0F9A00D96EF7 /* AppDelegate.m in Sources */ = {isa = PBXBuildFile; fileRef = 04B6000422FB0F9A00D96EF7 /* AppDelegate.m */; };
		04B6000822FB0F9A00D96EF7 /* ViewController.m in Sources */ = {isa = PBXBuildFile; fileRef = 04B6000722FB0F9A00D96EF7 /* ViewController.m */; };
		04B6000B22FB0F9A00D96EF7 /* Main.storyboard in Resources */ = {isa = PBXBuildFile; fileRef = 04B6000922FB0F9A00D96EF7 /* Main.storyboard */; };
		04B6000D22FB0F9C00D96EF7 /* Assets.xcassets in Resources */ = {isa = PBXBuildFile; fileRef = 04B6000C22FB0F9C00D96EF7 /* Assets.xcassets */; };
		04B6001022FB0F9C00D96EF7 /* LaunchScreen.storyboard in Resources */ = {isa = PBXBuildFile; fileRef = 04B6000E22FB0F9C00D96EF7 /* LaunchScreen.storyboard */; };
		04B6001322FB0F9C00D96EF7 /* main.m in Sources */ = {isa = PBXBuildFile; fileRef = 04B6001222FB0F9C00D96EF7 /* main.m */; };
		04B6001C22FB1A5900D96EF7 /* RestSign.m in Sources */ = {isa = PBXBuildFile; fileRef = 04B6001B22FB1A5900D96EF7 /* RestSign.m */; };
		04B6001F22FB1B2600D96EF7 /* ShowMapVC.m in Sources */ = {isa = PBXBuildFile; fileRef = 04B6001E22FB1B2600D96EF7 /* ShowMapVC.m */; };
		04B6002222FB1B6500D96EF7 /* Restlist.m in Sources */ = {isa = PBXBuildFile; fileRef = 04B6002122FB1B6500D96EF7 /* Restlist.m */; };
		04B6002522FB1BC600D96EF7 /* AfterShake.m in Sources */ = {isa = PBXBuildFile; fileRef = 04B6002422FB1BC600D96EF7 /* AfterShake.m */; };
		04D73378230AE1B900B33C96 /* Reachability.m in Sources */ = {isa = PBXBuildFile; fileRef = 04D73377230AE1B900B33C96 /* Reachability.m */; };
		04EB0240230D766400096414 /* SuperViewController.m in Sources */ = {isa = PBXBuildFile; fileRef = 04EB023F230D766400096414 /* SuperViewController.m */; };
		04EB0243230D888D00096414 /* CellWCode.m in Sources */ = {isa = PBXBuildFile; fileRef = 04EB0242230D888D00096414 /* CellWCode.m */; };
		923C8D9432AD47DEB09E05AD /* Pods_GurulObjC.framework in Frameworks */ = {isa = PBXBuildFile; fileRef = CF69A3B478FCAC0FC7D28C83 /* Pods_GurulObjC.framework */; };
/* End PBXBuildFile section */

/* Begin PBXFileReference section */
		041CE3F023109F5B002C8745 /* TamamlaVC.h */ = {isa = PBXFileReference; lastKnownFileType = sourcecode.c.h; path = TamamlaVC.h; sourceTree = "<group>"; };
		041CE3F123109F5B002C8745 /* TamamlaVC.m */ = {isa = PBXFileReference; lastKnownFileType = sourcecode.c.objc; path = TamamlaVC.m; sourceTree = "<group>"; };
		0423841E23102EEE003C7DBF /* ProfilVC.h */ = {isa = PBXFileReference; lastKnownFileType = sourcecode.c.h; path = ProfilVC.h; sourceTree = "<group>"; };
		0423841F23102EEE003C7DBF /* ProfilVC.m */ = {isa = PBXFileReference; lastKnownFileType = sourcecode.c.objc; path = ProfilVC.m; sourceTree = "<group>"; };
		043CED8022FB5689001ECCDC /* RestoranVC.h */ = {isa = PBXFileReference; lastKnownFileType = sourcecode.c.h; path = RestoranVC.h; sourceTree = "<group>"; };
		043CED8122FB5689001ECCDC /* RestoranVC.m */ = {isa = PBXFileReference; lastKnownFileType = sourcecode.c.objc; path = RestoranVC.m; sourceTree = "<group>"; };
		043CED8322FB6C5B001ECCDC /* UserRestorantsVC.h */ = {isa = PBXFileReference; lastKnownFileType = sourcecode.c.h; path = UserRestorantsVC.h; sourceTree = "<group>"; };
		043CED8422FB6C5B001ECCDC /* UserRestorantsVC.m */ = {isa = PBXFileReference; lastKnownFileType = sourcecode.c.objc; path = UserRestorantsVC.m; sourceTree = "<group>"; };
		043CED8622FB6FDE001ECCDC /* RestorantDetailVC.h */ = {isa = PBXFileReference; lastKnownFileType = sourcecode.c.h; path = RestorantDetailVC.h; sourceTree = "<group>"; };
		043CED8722FB6FDE001ECCDC /* RestorantDetailVC.m */ = {isa = PBXFileReference; lastKnownFileType = sourcecode.c.objc; path = RestorantDetailVC.m; sourceTree = "<group>"; };
		0469FDDB22FB3F910065E5C4 /* GoogleService-Info.plist */ = {isa = PBXFileReference; fileEncoding = 4; lastKnownFileType = text.plist.xml; path = "GoogleService-Info.plist"; sourceTree = "<group>"; };
		049C87D62313EB140059FBB3 /* GeneralTypes.m */ = {isa = PBXFileReference; lastKnownFileType = sourcecode.c.objc; path = GeneralTypes.m; sourceTree = "<group>"; };
		04A6FF032308508F002004DF /* Cell.h */ = {isa = PBXFileReference; lastKnownFileType = sourcecode.c.h; path = Cell.h; sourceTree = "<group>"; };
		04A6FF042308508F002004DF /* Cell.m */ = {isa = PBXFileReference; lastKnownFileType = sourcecode.c.objc; path = Cell.m; sourceTree = "<group>"; };
		04A6FF052308508F002004DF /* Cell.xib */ = {isa = PBXFileReference; lastKnownFileType = file.xib; path = Cell.xib; sourceTree = "<group>"; };
		04B6000022FB0F9A00D96EF7 /* GurulObjC.app */ = {isa = PBXFileReference; explicitFileType = wrapper.application; includeInIndex = 0; path = GurulObjC.app; sourceTree = BUILT_PRODUCTS_DIR; };
		04B6000322FB0F9A00D96EF7 /* AppDelegate.h */ = {isa = PBXFileReference; lastKnownFileType = sourcecode.c.h; path = AppDelegate.h; sourceTree = "<group>"; };
		04B6000422FB0F9A00D96EF7 /* AppDelegate.m */ = {isa = PBXFileReference; lastKnownFileType = sourcecode.c.objc; path = AppDelegate.m; sourceTree = "<group>"; };
		04B6000622FB0F9A00D96EF7 /* ViewController.h */ = {isa = PBXFileReference; lastKnownFileType = sourcecode.c.h; path = ViewController.h; sourceTree = "<group>"; };
		04B6000722FB0F9A00D96EF7 /* ViewController.m */ = {isa = PBXFileReference; lastKnownFileType = sourcecode.c.objc; path = ViewController.m; sourceTree = "<group>"; };
		04B6000A22FB0F9A00D96EF7 /* Base */ = {isa = PBXFileReference; lastKnownFileType = file.storyboard; name = Base; path = Base.lproj/Main.storyboard; sourceTree = "<group>"; };
		04B6000C22FB0F9C00D96EF7 /* Assets.xcassets */ = {isa = PBXFileReference; lastKnownFileType = folder.assetcatalog; path = Assets.xcassets; sourceTree = "<group>"; };
		04B6000F22FB0F9C00D96EF7 /* Base */ = {isa = PBXFileReference; lastKnownFileType = file.storyboard; name = Base; path = Base.lproj/LaunchScreen.storyboard; sourceTree = "<group>"; };
		04B6001122FB0F9C00D96EF7 /* Info.plist */ = {isa = PBXFileReference; lastKnownFileType = text.plist.xml; path = Info.plist; sourceTree = "<group>"; };
		04B6001222FB0F9C00D96EF7 /* main.m */ = {isa = PBXFileReference; lastKnownFileType = sourcecode.c.objc; path = main.m; sourceTree = "<group>"; };
		04B6001A22FB1A5900D96EF7 /* RestSign.h */ = {isa = PBXFileReference; lastKnownFileType = sourcecode.c.h; path = RestSign.h; sourceTree = "<group>"; };
		04B6001B22FB1A5900D96EF7 /* RestSign.m */ = {isa = PBXFileReference; lastKnownFileType = sourcecode.c.objc; path = RestSign.m; sourceTree = "<group>"; };
		04B6001D22FB1B2600D96EF7 /* ShowMapVC.h */ = {isa = PBXFileReference; lastKnownFileType = sourcecode.c.h; path = ShowMapVC.h; sourceTree = "<group>"; };
		04B6001E22FB1B2600D96EF7 /* ShowMapVC.m */ = {isa = PBXFileReference; lastKnownFileType = sourcecode.c.objc; path = ShowMapVC.m; sourceTree = "<group>"; };
		04B6002022FB1B6500D96EF7 /* Restlist.h */ = {isa = PBXFileReference; lastKnownFileType = sourcecode.c.h; path = Restlist.h; sourceTree = "<group>"; };
		04B6002122FB1B6500D96EF7 /* Restlist.m */ = {isa = PBXFileReference; lastKnownFileType = sourcecode.c.objc; path = Restlist.m; sourceTree = "<group>"; };
		04B6002322FB1BC600D96EF7 /* AfterShake.h */ = {isa = PBXFileReference; lastKnownFileType = sourcecode.c.h; path = AfterShake.h; sourceTree = "<group>"; };
		04B6002422FB1BC600D96EF7 /* AfterShake.m */ = {isa = PBXFileReference; lastKnownFileType = sourcecode.c.objc; path = AfterShake.m; sourceTree = "<group>"; };
		04D73376230AE1B900B33C96 /* Reachability.h */ = {isa = PBXFileReference; fileEncoding = 4; lastKnownFileType = sourcecode.c.h; path = Reachability.h; sourceTree = "<group>"; };
		04D73377230AE1B900B33C96 /* Reachability.m */ = {isa = PBXFileReference; fileEncoding = 4; lastKnownFileType = sourcecode.c.objc; path = Reachability.m; sourceTree = "<group>"; };
		04EB023E230D766400096414 /* SuperViewController.h */ = {isa = PBXFileReference; lastKnownFileType = sourcecode.c.h; path = SuperViewController.h; sourceTree = "<group>"; };
		04EB023F230D766400096414 /* SuperViewController.m */ = {isa = PBXFileReference; lastKnownFileType = sourcecode.c.objc; path = SuperViewController.m; sourceTree = "<group>"; };
		04EB0241230D888D00096414 /* CellWCode.h */ = {isa = PBXFileReference; lastKnownFileType = sourcecode.c.h; path = CellWCode.h; sourceTree = "<group>"; };
		04EB0242230D888D00096414 /* CellWCode.m */ = {isa = PBXFileReference; lastKnownFileType = sourcecode.c.objc; path = CellWCode.m; sourceTree = "<group>"; };
		66BA4AD3584C815446266F64 /* Pods-GurulObjC.debug.xcconfig */ = {isa = PBXFileReference; includeInIndex = 1; lastKnownFileType = text.xcconfig; name = "Pods-GurulObjC.debug.xcconfig"; path = "Target Support Files/Pods-GurulObjC/Pods-GurulObjC.debug.xcconfig"; sourceTree = "<group>"; };
		C3D476D73EC595D2662C06C6 /* Pods-GurulObjC.release.xcconfig */ = {isa = PBXFileReference; includeInIndex = 1; lastKnownFileType = text.xcconfig; name = "Pods-GurulObjC.release.xcconfig"; path = "Target Support Files/Pods-GurulObjC/Pods-GurulObjC.release.xcconfig"; sourceTree = "<group>"; };
		CF69A3B478FCAC0FC7D28C83 /* Pods_GurulObjC.framework */ = {isa = PBXFileReference; explicitFileType = wrapper.framework; includeInIndex = 0; path = Pods_GurulObjC.framework; sourceTree = BUILT_PRODUCTS_DIR; };
/* End PBXFileReference section */

/* Begin PBXFrameworksBuildPhase section */
		04B6FFFD22FB0F9A00D96EF7 /* Frameworks */ = {
			isa = PBXFrameworksBuildPhase;
			buildActionMask = 2147483647;
			files = (
				923C8D9432AD47DEB09E05AD /* Pods_GurulObjC.framework in Frameworks */,
			);
			runOnlyForDeploymentPostprocessing = 0;
		};
/* End PBXFrameworksBuildPhase section */

/* Begin PBXGroup section */
		04A6FF022308506D002004DF /* Cell */ = {
			isa = PBXGroup;
			children = (
				04A6FF032308508F002004DF /* Cell.h */,
				04A6FF042308508F002004DF /* Cell.m */,
				04A6FF052308508F002004DF /* Cell.xib */,
				04EB0241230D888D00096414 /* CellWCode.h */,
				04EB0242230D888D00096414 /* CellWCode.m */,
			);
			path = Cell;
			sourceTree = "<group>";
		};
		04B6000122FB0F9A00D96EF7 /* Products */ = {
			isa = PBXGroup;
			children = (
				04B6000022FB0F9A00D96EF7 /* GurulObjC.app */,
			);
			name = Products;
			sourceTree = "<group>";
		};
		04B6000222FB0F9A00D96EF7 /* GurulObjC */ = {
			isa = PBXGroup;
			children = (
				04A6FF022308506D002004DF /* Cell */,
				04B6001922FB1A2000D96EF7 /* Controller */,
				04B6000322FB0F9A00D96EF7 /* AppDelegate.h */,
				04B6000422FB0F9A00D96EF7 /* AppDelegate.m */,
				04B6000922FB0F9A00D96EF7 /* Main.storyboard */,
				04B6000C22FB0F9C00D96EF7 /* Assets.xcassets */,
				0469FDDB22FB3F910065E5C4 /* GoogleService-Info.plist */,
				04B6000E22FB0F9C00D96EF7 /* LaunchScreen.storyboard */,
				04B6001122FB0F9C00D96EF7 /* Info.plist */,
				04B6001222FB0F9C00D96EF7 /* main.m */,
			);
			path = GurulObjC;
			sourceTree = "<group>";
		};
		04B6001922FB1A2000D96EF7 /* Controller */ = {
			isa = PBXGroup;
			children = (
				04D73376230AE1B900B33C96 /* Reachability.h */,
				04D73377230AE1B900B33C96 /* Reachability.m */,
				04B6000622FB0F9A00D96EF7 /* ViewController.h */,
				04B6000722FB0F9A00D96EF7 /* ViewController.m */,
				04B6001A22FB1A5900D96EF7 /* RestSign.h */,
				04B6001B22FB1A5900D96EF7 /* RestSign.m */,
				04EB023E230D766400096414 /* SuperViewController.h */,
				04EB023F230D766400096414 /* SuperViewController.m */,
				04B6001D22FB1B2600D96EF7 /* ShowMapVC.h */,
				04B6001E22FB1B2600D96EF7 /* ShowMapVC.m */,
				04B6002022FB1B6500D96EF7 /* Restlist.h */,
				04B6002122FB1B6500D96EF7 /* Restlist.m */,
				04B6002322FB1BC600D96EF7 /* AfterShake.h */,
				04B6002422FB1BC600D96EF7 /* AfterShake.m */,
				043CED8022FB5689001ECCDC /* RestoranVC.h */,
				043CED8122FB5689001ECCDC /* RestoranVC.m */,
				043CED8322FB6C5B001ECCDC /* UserRestorantsVC.h */,
				043CED8422FB6C5B001ECCDC /* UserRestorantsVC.m */,
				0423841E23102EEE003C7DBF /* ProfilVC.h */,
				0423841F23102EEE003C7DBF /* ProfilVC.m */,
				043CED8622FB6FDE001ECCDC /* RestorantDetailVC.h */,
				043CED8722FB6FDE001ECCDC /* RestorantDetailVC.m */,
				041CE3F023109F5B002C8745 /* TamamlaVC.h */,
				041CE3F123109F5B002C8745 /* TamamlaVC.m */,
				049C87D62313EB140059FBB3 /* GeneralTypes.m */,
			);
			path = Controller;
			sourceTree = "<group>";
		};
		04B6FFF722FB0F9A00D96EF7 = {
			isa = PBXGroup;
			children = (
				04B6000222FB0F9A00D96EF7 /* GurulObjC */,
				04B6000122FB0F9A00D96EF7 /* Products */,
				8C4EAC09F7BCC3CAD98DFE77 /* Pods */,
				E78A53224E5EAECC7FB6787C /* Frameworks */,
			);
			sourceTree = "<group>";
		};
		8C4EAC09F7BCC3CAD98DFE77 /* Pods */ = {
			isa = PBXGroup;
			children = (
				66BA4AD3584C815446266F64 /* Pods-GurulObjC.debug.xcconfig */,
				C3D476D73EC595D2662C06C6 /* Pods-GurulObjC.release.xcconfig */,
			);
			path = Pods;
			sourceTree = "<group>";
		};
		E78A53224E5EAECC7FB6787C /* Frameworks */ = {
			isa = PBXGroup;
			children = (
				CF69A3B478FCAC0FC7D28C83 /* Pods_GurulObjC.framework */,
			);
			name = Frameworks;
			sourceTree = "<group>";
		};
/* End PBXGroup section */

/* Begin PBXNativeTarget section */
		04B6FFFF22FB0F9A00D96EF7 /* GurulObjC */ = {
			isa = PBXNativeTarget;
			buildConfigurationList = 04B6001622FB0F9C00D96EF7 /* Build configuration list for PBXNativeTarget "GurulObjC" */;
			buildPhases = (
				5A0632CF38C832B494C4E120 /* [CP] Check Pods Manifest.lock */,
				04B6FFFC22FB0F9A00D96EF7 /* Sources */,
				04B6FFFD22FB0F9A00D96EF7 /* Frameworks */,
				04B6FFFE22FB0F9A00D96EF7 /* Resources */,
				2F98BEF42B78B5A5B09FC8C4 /* [CP] Embed Pods Frameworks */,
			);
			buildRules = (
			);
			dependencies = (
			);
			name = GurulObjC;
			productName = GurulObjC;
			productReference = 04B6000022FB0F9A00D96EF7 /* GurulObjC.app */;
			productType = "com.apple.product-type.application";
		};
/* End PBXNativeTarget section */

/* Begin PBXProject section */
		04B6FFF822FB0F9A00D96EF7 /* Project object */ = {
			isa = PBXProject;
			attributes = {
				LastUpgradeCheck = 1030;
				ORGANIZATIONNAME = Mac;
				TargetAttributes = {
					04B6FFFF22FB0F9A00D96EF7 = {
						CreatedOnToolsVersion = 10.3;
					};
				};
			};
			buildConfigurationList = 04B6FFFB22FB0F9A00D96EF7 /* Build configuration list for PBXProject "GurulObjC" */;
			compatibilityVersion = "Xcode 9.3";
			developmentRegion = en;
			hasScannedForEncodings = 0;
			knownRegions = (
				en,
				Base,
			);
			mainGroup = 04B6FFF722FB0F9A00D96EF7;
			productRefGroup = 04B6000122FB0F9A00D96EF7 /* Products */;
			projectDirPath = "";
			projectRoot = "";
			targets = (
				04B6FFFF22FB0F9A00D96EF7 /* GurulObjC */,
			);
		};
/* End PBXProject section */

/* Begin PBXResourcesBuildPhase section */
		04B6FFFE22FB0F9A00D96EF7 /* Resources */ = {
			isa = PBXResourcesBuildPhase;
			buildActionMask = 2147483647;
			files = (
				04B6001022FB0F9C00D96EF7 /* LaunchScreen.storyboard in Resources */,
				04A6FF072308508F002004DF /* Cell.xib in Resources */,
				0469FDDC22FB3F910065E5C4 /* GoogleService-Info.plist in Resources */,
				04B6000D22FB0F9C00D96EF7 /* Assets.xcassets in Resources */,
				04B6000B22FB0F9A00D96EF7 /* Main.storyboard in Resources */,
			);
			runOnlyForDeploymentPostprocessing = 0;
		};
/* End PBXResourcesBuildPhase section */

/* Begin PBXShellScriptBuildPhase section */
		2F98BEF42B78B5A5B09FC8C4 /* [CP] Embed Pods Frameworks */ = {
			isa = PBXShellScriptBuildPhase;
			buildActionMask = 2147483647;
			files = (
			);
			inputFileListPaths = (
				"${PODS_ROOT}/Target Support Files/Pods-GurulObjC/Pods-GurulObjC-frameworks-${CONFIGURATION}-input-files.xcfilelist",
			);
			name = "[CP] Embed Pods Frameworks";
			outputFileListPaths = (
				"${PODS_ROOT}/Target Support Files/Pods-GurulObjC/Pods-GurulObjC-frameworks-${CONFIGURATION}-output-files.xcfilelist",
			);
			runOnlyForDeploymentPostprocessing = 0;
			shellPath = /bin/sh;
			shellScript = "\"${PODS_ROOT}/Target Support Files/Pods-GurulObjC/Pods-GurulObjC-frameworks.sh\"\n";
			showEnvVarsInLog = 0;
		};
		5A0632CF38C832B494C4E120 /* [CP] Check Pods Manifest.lock */ = {
			isa = PBXShellScriptBuildPhase;
			buildActionMask = 2147483647;
			files = (
			);
			inputFileListPaths = (
			);
			inputPaths = (
				"${PODS_PODFILE_DIR_PATH}/Podfile.lock",
				"${PODS_ROOT}/Manifest.lock",
			);
			name = "[CP] Check Pods Manifest.lock";
			outputFileListPaths = (
			);
			outputPaths = (
				"$(DERIVED_FILE_DIR)/Pods-GurulObjC-checkManifestLockResult.txt",
			);
			runOnlyForDeploymentPostprocessing = 0;
			shellPath = /bin/sh;
			shellScript = "diff \"${PODS_PODFILE_DIR_PATH}/Podfile.lock\" \"${PODS_ROOT}/Manifest.lock\" > /dev/null\nif [ $? != 0 ] ; then\n    # print error to STDERR\n    echo \"error: The sandbox is not in sync with the Podfile.lock. Run 'pod install' or update your CocoaPods installation.\" >&2\n    exit 1\nfi\n# This output is used by Xcode 'outputs' to avoid re-running this script phase.\necho \"SUCCESS\" > \"${SCRIPT_OUTPUT_FILE_0}\"\n";
			showEnvVarsInLog = 0;
		};
/* End PBXShellScriptBuildPhase section */

/* Begin PBXSourcesBuildPhase section */
		04B6FFFC22FB0F9A00D96EF7 /* Sources */ = {
			isa = PBXSourcesBuildPhase;
			buildActionMask = 2147483647;
			files = (
				0423842023102EEE003C7DBF /* ProfilVC.m in Sources */,
				04EB0240230D766400096414 /* SuperViewController.m in Sources */,
				04A6FF062308508F002004DF /* Cell.m in Sources */,
				04B6001C22FB1A5900D96EF7 /* RestSign.m in Sources */,
				04B6000822FB0F9A00D96EF7 /* ViewController.m in Sources */,
				043CED8822FB6FDE001ECCDC /* RestorantDetailVC.m in Sources */,
				04B6001322FB0F9C00D96EF7 /* main.m in Sources */,
				04EB0243230D888D00096414 /* CellWCode.m in Sources */,
				043CED8522FB6C5B001ECCDC /* UserRestorantsVC.m in Sources */,
				049C87D72313EB140059FBB3 /* GeneralTypes.m in Sources */,
				04B6000522FB0F9A00D96EF7 /* AppDelegate.m in Sources */,
				04B6001F22FB1B2600D96EF7 /* ShowMapVC.m in Sources */,
				04B6002222FB1B6500D96EF7 /* Restlist.m in Sources */,
				041CE3F223109F5B002C8745 /* TamamlaVC.m in Sources */,
				043CED8222FB5689001ECCDC /* RestoranVC.m in Sources */,
				04D73378230AE1B900B33C96 /* Reachability.m in Sources */,
				04B6002522FB1BC600D96EF7 /* AfterShake.m in Sources */,
			);
			runOnlyForDeploymentPostprocessing = 0;
		};
/* End PBXSourcesBuildPhase section */

/* Begin PBXVariantGroup section */
		04B6000922FB0F9A00D96EF7 /* Main.storyboard */ = {
			isa = PBXVariantGroup;
			children = (
				04B6000A22FB0F9A00D96EF7 /* Base */,
			);
			name = Main.storyboard;
			sourceTree = "<group>";
		};
		04B6000E22FB0F9C00D96EF7 /* LaunchScreen.storyboard */ = {
			isa = PBXVariantGroup;
			children = (
				04B6000F22FB0F9C00D96EF7 /* Base */,
			);
			name = LaunchScreen.storyboard;
			sourceTree = "<group>";
		};
/* End PBXVariantGroup section */

/* Begin XCBuildConfiguration section */
		04B6001422FB0F9C00D96EF7 /* Debug */ = {
			isa = XCBuildConfiguration;
			buildSettings = {
				ALWAYS_SEARCH_USER_PATHS = NO;
				CLANG_ANALYZER_NONNULL = YES;
				CLANG_ANALYZER_NUMBER_OBJECT_CONVERSION = YES_AGGRESSIVE;
				CLANG_CXX_LANGUAGE_STANDARD = "gnu++14";
				CLANG_CXX_LIBRARY = "libc++";
				CLANG_ENABLE_MODULES = YES;
				CLANG_ENABLE_OBJC_ARC = YES;
				CLANG_ENABLE_OBJC_WEAK = YES;
				CLANG_WARN_BLOCK_CAPTURE_AUTORELEASING = YES;
				CLANG_WARN_BOOL_CONVERSION = YES;
				CLANG_WARN_COMMA = YES;
				CLANG_WARN_CONSTANT_CONVERSION = YES;
				CLANG_WARN_DEPRECATED_OBJC_IMPLEMENTATIONS = YES;
				CLANG_WARN_DIRECT_OBJC_ISA_USAGE = YES_ERROR;
				CLANG_WARN_DOCUMENTATION_COMMENTS = YES;
				CLANG_WARN_EMPTY_BODY = YES;
				CLANG_WARN_ENUM_CONVERSION = YES;
				CLANG_WARN_INFINITE_RECURSION = YES;
				CLANG_WARN_INT_CONVERSION = YES;
				CLANG_WARN_NON_LITERAL_NULL_CONVERSION = YES;
				CLANG_WARN_OBJC_IMPLICIT_RETAIN_SELF = YES;
				CLANG_WARN_OBJC_LITERAL_CONVERSION = YES;
				CLANG_WARN_OBJC_ROOT_CLASS = YES_ERROR;
				CLANG_WARN_RANGE_LOOP_ANALYSIS = YES;
				CLANG_WARN_STRICT_PROTOTYPES = YES;
				CLANG_WARN_SUSPICIOUS_MOVE = YES;
				CLANG_WARN_UNGUARDED_AVAILABILITY = YES_AGGRESSIVE;
				CLANG_WARN_UNREACHABLE_CODE = YES;
				CLANG_WARN__DUPLICATE_METHOD_MATCH = YES;
				CODE_SIGN_IDENTITY = "iPhone Developer";
				COPY_PHASE_STRIP = NO;
				DEBUG_INFORMATION_FORMAT = dwarf;
				ENABLE_STRICT_OBJC_MSGSEND = YES;
				ENABLE_TESTABILITY = YES;
				GCC_C_LANGUAGE_STANDARD = gnu11;
				GCC_DYNAMIC_NO_PIC = NO;
				GCC_NO_COMMON_BLOCKS = YES;
				GCC_OPTIMIZATION_LEVEL = 0;
				GCC_PREPROCESSOR_DEFINITIONS = (
					"DEBUG=1",
					"$(inherited)",
				);
				GCC_WARN_64_TO_32_BIT_CONVERSION = YES;
				GCC_WARN_ABOUT_RETURN_TYPE = YES_ERROR;
				GCC_WARN_UNDECLARED_SELECTOR = YES;
				GCC_WARN_UNINITIALIZED_AUTOS = YES_AGGRESSIVE;
				GCC_WARN_UNUSED_FUNCTION = YES;
				GCC_WARN_UNUSED_VARIABLE = YES;
				IPHONEOS_DEPLOYMENT_TARGET = 12.4;
				MTL_ENABLE_DEBUG_INFO = INCLUDE_SOURCE;
				MTL_FAST_MATH = YES;
				ONLY_ACTIVE_ARCH = YES;
				SDKROOT = iphoneos;
			};
			name = Debug;
		};
		04B6001522FB0F9C00D96EF7 /* Release */ = {
			isa = XCBuildConfiguration;
			buildSettings = {
				ALWAYS_SEARCH_USER_PATHS = NO;
				CLANG_ANALYZER_NONNULL = YES;
				CLANG_ANALYZER_NUMBER_OBJECT_CONVERSION = YES_AGGRESSIVE;
				CLANG_CXX_LANGUAGE_STANDARD = "gnu++14";
				CLANG_CXX_LIBRARY = "libc++";
				CLANG_ENABLE_MODULES = YES;
				CLANG_ENABLE_OBJC_ARC = YES;
				CLANG_ENABLE_OBJC_WEAK = YES;
				CLANG_WARN_BLOCK_CAPTURE_AUTORELEASING = YES;
				CLANG_WARN_BOOL_CONVERSION = YES;
				CLANG_WARN_COMMA = YES;
				CLANG_WARN_CONSTANT_CONVERSION = YES;
				CLANG_WARN_DEPRECATED_OBJC_IMPLEMENTATIONS = YES;
				CLANG_WARN_DIRECT_OBJC_ISA_USAGE = YES_ERROR;
				CLANG_WARN_DOCUMENTATION_COMMENTS = YES;
				CLANG_WARN_EMPTY_BODY = YES;
				CLANG_WARN_ENUM_CONVERSION = YES;
				CLANG_WARN_INFINITE_RECURSION = YES;
				CLANG_WARN_INT_CONVERSION = YES;
				CLANG_WARN_NON_LITERAL_NULL_CONVERSION = YES;
				CLANG_WARN_OBJC_IMPLICIT_RETAIN_SELF = YES;
				CLANG_WARN_OBJC_LITERAL_CONVERSION = YES;
				CLANG_WARN_OBJC_ROOT_CLASS = YES_ERROR;
				CLANG_WARN_RANGE_LOOP_ANALYSIS = YES;
				CLANG_WARN_STRICT_PROTOTYPES = YES;
				CLANG_WARN_SUSPICIOUS_MOVE = YES;
				CLANG_WARN_UNGUARDED_AVAILABILITY = YES_AGGRESSIVE;
				CLANG_WARN_UNREACHABLE_CODE = YES;
				CLANG_WARN__DUPLICATE_METHOD_MATCH = YES;
				CODE_SIGN_IDENTITY = "iPhone Developer";
				COPY_PHASE_STRIP = NO;
				DEBUG_INFORMATION_FORMAT = "dwarf-with-dsym";
				ENABLE_NS_ASSERTIONS = NO;
				ENABLE_STRICT_OBJC_MSGSEND = YES;
				GCC_C_LANGUAGE_STANDARD = gnu11;
				GCC_NO_COMMON_BLOCKS = YES;
				GCC_WARN_64_TO_32_BIT_CONVERSION = YES;
				GCC_WARN_ABOUT_RETURN_TYPE = YES_ERROR;
				GCC_WARN_UNDECLARED_SELECTOR = YES;
				GCC_WARN_UNINITIALIZED_AUTOS = YES_AGGRESSIVE;
				GCC_WARN_UNUSED_FUNCTION = YES;
				GCC_WARN_UNUSED_VARIABLE = YES;
				IPHONEOS_DEPLOYMENT_TARGET = 12.4;
				MTL_ENABLE_DEBUG_INFO = NO;
				MTL_FAST_MATH = YES;
				SDKROOT = iphoneos;
				VALIDATE_PRODUCT = YES;
			};
			name = Release;
		};
		04B6001722FB0F9C00D96EF7 /* Debug */ = {
			isa = XCBuildConfiguration;
			baseConfigurationReference = 66BA4AD3584C815446266F64 /* Pods-GurulObjC.debug.xcconfig */;
			buildSettings = {
				ASSETCATALOG_COMPILER_APPICON_NAME = AppIcon;
				CODE_SIGN_STYLE = Automatic;
				DEVELOPMENT_TEAM = T2FENB68MY;
				INFOPLIST_FILE = GurulObjC/Info.plist;
				IPHONEOS_DEPLOYMENT_TARGET = 12.0;
				LD_RUNPATH_SEARCH_PATHS = (
					"$(inherited)",
					"@executable_path/Frameworks",
				);
				PRODUCT_BUNDLE_IDENTIFIER = GurulObjC.GurulObjC;
				PRODUCT_NAME = "$(TARGET_NAME)";
				TARGETED_DEVICE_FAMILY = 1;
			};
			name = Debug;
		};
		04B6001822FB0F9C00D96EF7 /* Release */ = {
			isa = XCBuildConfiguration;
			baseConfigurationReference = C3D476D73EC595D2662C06C6 /* Pods-GurulObjC.release.xcconfig */;
			buildSettings = {
				ASSETCATALOG_COMPILER_APPICON_NAME = AppIcon;
				CODE_SIGN_STYLE = Automatic;
				DEVELOPMENT_TEAM = T2FENB68MY;
				INFOPLIST_FILE = GurulObjC/Info.plist;
				IPHONEOS_DEPLOYMENT_TARGET = 12.0;
				LD_RUNPATH_SEARCH_PATHS = (
					"$(inherited)",
					"@executable_path/Frameworks",
				);
				PRODUCT_BUNDLE_IDENTIFIER = GurulObjC.GurulObjC;
				PRODUCT_NAME = "$(TARGET_NAME)";
				TARGETED_DEVICE_FAMILY = 1;
			};
			name = Release;
		};
/* End XCBuildConfiguration section */

/* Begin XCConfigurationList section */
		04B6001622FB0F9C00D96EF7 /* Build configuration list for PBXNativeTarget "GurulObjC" */ = {
			isa = XCConfigurationList;
			buildConfigurations = (
				04B6001722FB0F9C00D96EF7 /* Debug */,
				04B6001822FB0F9C00D96EF7 /* Release */,
			);
			defaultConfigurationIsVisible = 0;
			defaultConfigurationName = Release;
		};
		04B6FFFB22FB0F9A00D96EF7 /* Build configuration list for PBXProject "GurulObjC" */ = {
			isa = XCConfigurationList;
			buildConfigurations = (
				04B6001422FB0F9C00D96EF7 /* Debug */,
				04B6001522FB0F9C00D96EF7 /* Release */,
			);
			defaultConfigurationIsVisible = 0;
			defaultConfigurationName = Release;
		};
/* End XCConfigurationList section */
	};
	rootObject = 04B6FFF822FB0F9A00D96EF7 /* Project object */;
}
